
Microsoft Visual Studio Solution File, Format Version 12.00
# Visual Studio Version 17
VisualStudioVersion = 17.5.33530.505
MinimumVisualStudioVersion = 10.0.40219.1
Project("{9A19103F-16F7-4668-BE54-9A1E7A4F7556}") = "TestAutomationFramework", "TestAutomationFramework\TestAutomationFramework.csproj", "{57979C3A-D3E4-4706-87A8-6EAEEC0B5E3E}"
EndProject
Project("{9A19103F-16F7-4668-BE54-9A1E7A4F7556}") = "TAFTests", "TAFTests\TAFTests.csproj", "{FDFCFC6C-3EBA-4FB1-8392-F45698A4C598}"
EndProject
Project("{FAE04EC0-301F-11D3-BF4B-00C04F79EFBC}") = "TAFTestsMSTest", "TAFTestsMSTest\TAFTestsMSTest.csproj", "{7E350F51-1DE1-415C-886B-3640B3041C73}"
EndProject
Global
	GlobalSection(SolutionConfigurationPlatforms) = preSolution
		ChromeWEB|Any CPU = ChromeWEB|Any CPU
		Debug|Any CPU = Debug|Any CPU
		Release|Any CPU = Release|Any CPU
	EndGlobalSection
	GlobalSection(ProjectConfigurationPlatforms) = postSolution
		{57979C3A-D3E4-4706-87A8-6EAEEC0B5E3E}.ChromeWEB|Any CPU.ActiveCfg = ChromeWEB|Any CPU
		{57979C3A-D3E4-4706-87A8-6EAEEC0B5E3E}.ChromeWEB|Any CPU.Build.0 = ChromeWEB|Any CPU
		{57979C3A-D3E4-4706-87A8-6EAEEC0B5E3E}.Debug|Any CPU.ActiveCfg = Debug|Any CPU
		{57979C3A-D3E4-4706-87A8-6EAEEC0B5E3E}.Debug|Any CPU.Build.0 = Debug|Any CPU
		{57979C3A-D3E4-4706-87A8-6EAEEC0B5E3E}.Release|Any CPU.ActiveCfg = Release|Any CPU
		{57979C3A-D3E4-4706-87A8-6EAEEC0B5E3E}.Release|Any CPU.Build.0 = Release|Any CPU
		{FDFCFC6C-3EBA-4FB1-8392-F45698A4C598}.ChromeWEB|Any CPU.ActiveCfg = ChromeWEB|Any CPU
		{FDFCFC6C-3EBA-4FB1-8392-F45698A4C598}.ChromeWEB|Any CPU.Build.0 = ChromeWEB|Any CPU
		{FDFCFC6C-3EBA-4FB1-8392-F45698A4C598}.Debug|Any CPU.ActiveCfg = Debug|Any CPU
		{FDFCFC6C-3EBA-4FB1-8392-F45698A4C598}.Debug|Any CPU.Build.0 = Debug|Any CPU
		{FDFCFC6C-3EBA-4FB1-8392-F45698A4C598}.Release|Any CPU.ActiveCfg = Release|Any CPU
		{FDFCFC6C-3EBA-4FB1-8392-F45698A4C598}.Release|Any CPU.Build.0 = Release|Any CPU
		{7E350F51-1DE1-415C-886B-3640B3041C73}.ChromeWEB|Any CPU.ActiveCfg = Debug|Any CPU
		{7E350F51-1DE1-415C-886B-3640B3041C73}.ChromeWEB|Any CPU.Build.0 = Debug|Any CPU
		{7E350F51-1DE1-415C-886B-3640B3041C73}.Debug|Any CPU.ActiveCfg = Debug|Any CPU
		{7E350F51-1DE1-415C-886B-3640B3041C73}.Debug|Any CPU.Build.0 = Debug|Any CPU
		{7E350F51-1DE1-415C-886B-3640B3041C73}.Release|Any CPU.ActiveCfg = Release|Any CPU
		{7E350F51-1DE1-415C-886B-3640B3041C73}.Release|Any CPU.Build.0 = Release|Any CPU
	EndGlobalSection
	GlobalSection(SolutionProperties) = preSolution
		HideSolutionNode = FALSE
	EndGlobalSection
	GlobalSection(ExtensibilityGlobals) = postSolution
		SolutionGuid = {07E18690-FCC6-4391-A989-BBF5CB104E22}
	EndGlobalSection
EndGlobal
